
Microsoft Visual Studio Solution File, Format Version 12.00
# Visual Studio Version 17
VisualStudioVersion = 17.5.33530.505
MinimumVisualStudioVersion = 10.0.40219.1
Project("{2150E333-8FDC-42A3-9474-1A3956D46DE8}") = "Samples", "Samples", "{F35B15FB-FA4A-408E-B07B-5DDD0662C706}"
EndProject
Project("{2150E333-8FDC-42A3-9474-1A3956D46DE8}") = "Tools", "Tools", "{5265C044-0F15-4ECB-80E3-DDF69A433282}"
EndProject
Project("{2150E333-8FDC-42A3-9474-1A3956D46DE8}") = "src", "src", "{F4E9AB5B-0CF2-4424-A34E-8DCD50757893}"
EndProject
Project("{9A19103F-16F7-4668-BE54-9A1E7A4F7556}") = "Phoesion.DevJwt", "src\Phoesion.DevJwt\Phoesion.DevJwt.csproj", "{DB2F6B9E-083E-4647-9EAA-969D43C78301}"
EndProject
Project("{9A19103F-16F7-4668-BE54-9A1E7A4F7556}") = "TokenGeneratorSample", "Samples\TokenGeneratorSample\TokenGeneratorSample.csproj", "{B67397A3-E361-430D-9D2F-4F51B9C5C2F9}"
EndProject
Project("{9A19103F-16F7-4668-BE54-9A1E7A4F7556}") = "Phoesion.DevJwt.CLI", "Tools\TokenGeneratorTool\Phoesion.DevJwt.CLI.csproj", "{C55C1CD2-5FAA-4BA3-83F9-E115E5B5BA7A}"
EndProject
Project("{9A19103F-16F7-4668-BE54-9A1E7A4F7556}") = "SampleGlowMicroservice", "Samples\SampleGlowMicroservice\SampleGlowMicroservice.csproj", "{09ACA420-D501-4812-991C-C277ECD1962A}"
EndProject
Project("{9A19103F-16F7-4668-BE54-9A1E7A4F7556}") = "SampleWebApi", "Samples\SampleWebApi\SampleWebApi.csproj", "{B3B94DED-ED4B-4731-B47E-B5DE15CECC64}"
EndProject
Project("{9A19103F-16F7-4668-BE54-9A1E7A4F7556}") = "SampleWebApi_Older", "Samples\SampleWebApi_Older\SampleWebApi_Older.csproj", "{3350C987-650F-41CB-AE85-3B535CABAE93}"
EndProject
Global
	GlobalSection(SolutionConfigurationPlatforms) = preSolution
		Debug|Any CPU = Debug|Any CPU
		Release|Any CPU = Release|Any CPU
	EndGlobalSection
	GlobalSection(ProjectConfigurationPlatforms) = postSolution
		{DB2F6B9E-083E-4647-9EAA-969D43C78301}.Debug|Any CPU.ActiveCfg = Debug|Any CPU
		{DB2F6B9E-083E-4647-9EAA-969D43C78301}.Debug|Any CPU.Build.0 = Debug|Any CPU
		{DB2F6B9E-083E-4647-9EAA-969D43C78301}.Release|Any CPU.ActiveCfg = Release|Any CPU
		{DB2F6B9E-083E-4647-9EAA-969D43C78301}.Release|Any CPU.Build.0 = Release|Any CPU
		{B67397A3-E361-430D-9D2F-4F51B9C5C2F9}.Debug|Any CPU.ActiveCfg = Debug|Any CPU
		{B67397A3-E361-430D-9D2F-4F51B9C5C2F9}.Debug|Any CPU.Build.0 = Debug|Any CPU
		{B67397A3-E361-430D-9D2F-4F51B9C5C2F9}.Release|Any CPU.ActiveCfg = Release|Any CPU
		{B67397A3-E361-430D-9D2F-4F51B9C5C2F9}.Release|Any CPU.Build.0 = Release|Any CPU
		{C55C1CD2-5FAA-4BA3-83F9-E115E5B5BA7A}.Debug|Any CPU.ActiveCfg = Debug|Any CPU
		{C55C1CD2-5FAA-4BA3-83F9-E115E5B5BA7A}.Debug|Any CPU.Build.0 = Debug|Any CPU
		{C55C1CD2-5FAA-4BA3-83F9-E115E5B5BA7A}.Release|Any CPU.ActiveCfg = Release|Any CPU
		{C55C1CD2-5FAA-4BA3-83F9-E115E5B5BA7A}.Release|Any CPU.Build.0 = Release|Any CPU
		{09ACA420-D501-4812-991C-C277ECD1962A}.Debug|Any CPU.ActiveCfg = Debug|Any CPU
		{09ACA420-D501-4812-991C-C277ECD1962A}.Debug|Any CPU.Build.0 = Debug|Any CPU
		{09ACA420-D501-4812-991C-C277ECD1962A}.Release|Any CPU.ActiveCfg = Release|Any CPU
		{09ACA420-D501-4812-991C-C277ECD1962A}.Release|Any CPU.Build.0 = Release|Any CPU
		{B3B94DED-ED4B-4731-B47E-B5DE15CECC64}.Debug|Any CPU.ActiveCfg = Debug|Any CPU
		{B3B94DED-ED4B-4731-B47E-B5DE15CECC64}.Debug|Any CPU.Build.0 = Debug|Any CPU
		{B3B94DED-ED4B-4731-B47E-B5DE15CECC64}.Release|Any CPU.ActiveCfg = Release|Any CPU
		{B3B94DED-ED4B-4731-B47E-B5DE15CECC64}.Release|Any CPU.Build.0 = Release|Any CPU
		{3350C987-650F-41CB-AE85-3B535CABAE93}.Debug|Any CPU.ActiveCfg = Debug|Any CPU
		{3350C987-650F-41CB-AE85-3B535CABAE93}.Debug|Any CPU.Build.0 = Debug|Any CPU
		{3350C987-650F-41CB-AE85-3B535CABAE93}.Release|Any CPU.ActiveCfg = Release|Any CPU
		{3350C987-650F-41CB-AE85-3B535CABAE93}.Release|Any CPU.Build.0 = Release|Any CPU
	EndGlobalSection
	GlobalSection(SolutionProperties) = preSolution
		HideSolutionNode = FALSE
	EndGlobalSection
	GlobalSection(NestedProjects) = preSolution
		{DB2F6B9E-083E-4647-9EAA-969D43C78301} = {F4E9AB5B-0CF2-4424-A34E-8DCD50757893}
		{B67397A3-E361-430D-9D2F-4F51B9C5C2F9} = {F35B15FB-FA4A-408E-B07B-5DDD0662C706}
		{C55C1CD2-5FAA-4BA3-83F9-E115E5B5BA7A} = {5265C044-0F15-4ECB-80E3-DDF69A433282}
		{09ACA420-D501-4812-991C-C277ECD1962A} = {F35B15FB-FA4A-408E-B07B-5DDD0662C706}
		{B3B94DED-ED4B-4731-B47E-B5DE15CECC64} = {F35B15FB-FA4A-408E-B07B-5DDD0662C706}
		{3350C987-650F-41CB-AE85-3B535CABAE93} = {F35B15FB-FA4A-408E-B07B-5DDD0662C706}
	EndGlobalSection
	GlobalSection(ExtensibilityGlobals) = postSolution
		SolutionGuid = {A50DE277-07D5-4766-89A9-31AE45C3C430}
	EndGlobalSection
EndGlobal
